// !$*UTF8*$!
{
	archiveVersion = 1;
	classes = {
	};
	objectVersion = 56;
	objects = {

/* Begin PBXBuildFile section */
		A10000000000000000000001 /* MacAuthenticatorApp.swift in Sources */ = {isa = PBXBuildFile; fileRef = A20000000000000000000001 /* MacAuthenticatorApp.swift */; };
		A10000000000000000000002 /* Account.swift in Sources */ = {isa = PBXBuildFile; fileRef = A20000000000000000000002 /* Account.swift */; };
		A10000000000000000000003 /* OTPURIParser.swift in Sources */ = {isa = PBXBuildFile; fileRef = A20000000000000000000003 /* OTPURIParser.swift */; };
		A10000000000000000000004 /* Base32.swift in Sources */ = {isa = PBXBuildFile; fileRef = A20000000000000000000004 /* Base32.swift */; };
		A10000000000000000000005 /* TOTPGenerator.swift in Sources */ = {isa = PBXBuildFile; fileRef = A20000000000000000000005 /* TOTPGenerator.swift */; };
		A10000000000000000000006 /* KeychainManager.swift in Sources */ = {isa = PBXBuildFile; fileRef = A20000000000000000000006 /* KeychainManager.swift */; };
		A10000000000000000000007 /* AccountStore.swift in Sources */ = {isa = PBXBuildFile; fileRef = A20000000000000000000007 /* AccountStore.swift */; };
		A10000000000000000000008 /* AccountListViewModel.swift in Sources */ = {isa = PBXBuildFile; fileRef = A20000000000000000000008 /* AccountListViewModel.swift */; };
		A10000000000000000000009 /* MainListView.swift in Sources */ = {isa = PBXBuildFile; fileRef = A20000000000000000000009 /* MainListView.swift */; };
		A1000000000000000000000A /* AccountRowView.swift in Sources */ = {isa = PBXBuildFile; fileRef = A2000000000000000000000A /* AccountRowView.swift */; };
		A1000000000000000000000B /* AddAccountSheet.swift in Sources */ = {isa = PBXBuildFile; fileRef = A2000000000000000000000B /* AddAccountSheet.swift */; };
		A1000000000000000000000C /* TimerProgressView.swift in Sources */ = {isa = PBXBuildFile; fileRef = A2000000000000000000000C /* TimerProgressView.swift */; };
		A1000000000000000000000D /* Base32Tests.swift in Sources */ = {isa = PBXBuildFile; fileRef = A2000000000000000000000D /* Base32Tests.swift */; };
		A1000000000000000000000E /* TOTPGeneratorTests.swift in Sources */ = {isa = PBXBuildFile; fileRef = A2000000000000000000000E /* TOTPGeneratorTests.swift */; };
		A1000000000000000000000F /* OTPURIParserTests.swift in Sources */ = {isa = PBXBuildFile; fileRef = A2000000000000000000000F /* OTPURIParserTests.swift */; };
		B10000000000000000000001 /* main.swift in Sources */ = {isa = PBXBuildFile; fileRef = B20000000000000000000021 /* main.swift */; };
		B10000000000000000000002 /* GhostOSAssertion.swift in Sources */ = {isa = PBXBuildFile; fileRef = B20000000000000000000022 /* GhostOSAssertion.swift */; };
		B10000000000000000000003 /* GhostOSAssertion.swift in Sources */ = {isa = PBXBuildFile; fileRef = B20000000000000000000022 /* GhostOSAssertion.swift */; };
		B10000000000000000000004 /* GhostOSAssertionTests.swift in Sources */ = {isa = PBXBuildFile; fileRef = B20000000000000000000023 /* GhostOSAssertionTests.swift */; };
		B10000000000000000000005 /* GhostLoginView.swift in Sources */ = {isa = PBXBuildFile; fileRef = B20000000000000000000024 /* GhostLoginView.swift */; };
/* End PBXBuildFile section */

/* Begin PBXContainerItemProxy section */
		A30000000000000000000001 /* PBXContainerItemProxy */ = {
			isa = PBXContainerItemProxy;
			containerPortal = A40000000000000000000001 /* Project object */;
			proxyType = 1;
			remoteGlobalIDString = A50000000000000000000001;
			remoteInfo = MacAuthenticator;
		};
/* End PBXContainerItemProxy section */

/* Begin PBXFileReference section */
		A20000000000000000000001 /* MacAuthenticatorApp.swift */ = {isa = PBXFileReference; lastKnownFileType = sourcecode.swift; path = MacAuthenticatorApp.swift; sourceTree = "<group>"; };
		A20000000000000000000002 /* Account.swift */ = {isa = PBXFileReference; lastKnownFileType = sourcecode.swift; path = Account.swift; sourceTree = "<group>"; };
		A20000000000000000000003 /* OTPURIParser.swift */ = {isa = PBXFileReference; lastKnownFileType = sourcecode.swift; path = OTPURIParser.swift; sourceTree = "<group>"; };
		A20000000000000000000004 /* Base32.swift */ = {isa = PBXFileReference; lastKnownFileType = sourcecode.swift; path = Base32.swift; sourceTree = "<group>"; };
		A20000000000000000000005 /* TOTPGenerator.swift */ = {isa = PBXFileReference; lastKnownFileType = sourcecode.swift; path = TOTPGenerator.swift; sourceTree = "<group>"; };
		A20000000000000000000006 /* KeychainManager.swift */ = {isa = PBXFileReference; lastKnownFileType = sourcecode.swift; path = KeychainManager.swift; sourceTree = "<group>"; };
		A20000000000000000000007 /* AccountStore.swift */ = {isa = PBXFileReference; lastKnownFileType = sourcecode.swift; path = AccountStore.swift; sourceTree = "<group>"; };
		A20000000000000000000008 /* AccountListViewModel.swift */ = {isa = PBXFileReference; lastKnownFileType = sourcecode.swift; path = AccountListViewModel.swift; sourceTree = "<group>"; };
		A20000000000000000000009 /* MainListView.swift */ = {isa = PBXFileReference; lastKnownFileType = sourcecode.swift; path = MainListView.swift; sourceTree = "<group>"; };
		A2000000000000000000000A /* AccountRowView.swift */ = {isa = PBXFileReference; lastKnownFileType = sourcecode.swift; path = AccountRowView.swift; sourceTree = "<group>"; };
		A2000000000000000000000B /* AddAccountSheet.swift */ = {isa = PBXFileReference; lastKnownFileType = sourcecode.swift; path = AddAccountSheet.swift; sourceTree = "<group>"; };
		A2000000000000000000000C /* TimerProgressView.swift */ = {isa = PBXFileReference; lastKnownFileType = sourcecode.swift; path = TimerProgressView.swift; sourceTree = "<group>"; };
		A2000000000000000000000D /* Base32Tests.swift */ = {isa = PBXFileReference; lastKnownFileType = sourcecode.swift; path = Base32Tests.swift; sourceTree = "<group>"; };
		A2000000000000000000000E /* TOTPGeneratorTests.swift */ = {isa = PBXFileReference; lastKnownFileType = sourcecode.swift; path = TOTPGeneratorTests.swift; sourceTree = "<group>"; };
		A2000000000000000000000F /* OTPURIParserTests.swift */ = {isa = PBXFileReference; lastKnownFileType = sourcecode.swift; path = OTPURIParserTests.swift; sourceTree = "<group>"; };
		B20000000000000000000020 /* ghostos-login */ = {isa = PBXFileReference; explicitFileType = "compiled.mach-o.executable"; includeInIndex = 0; path = ghostos-login; sourceTree = BUILT_PRODUCTS_DIR; };
		B20000000000000000000021 /* main.swift */ = {isa = PBXFileReference; lastKnownFileType = sourcecode.swift; path = main.swift; sourceTree = "<group>"; };
		B20000000000000000000022 /* GhostOSAssertion.swift */ = {isa = PBXFileReference; lastKnownFileType = sourcecode.swift; path = GhostOSAssertion.swift; sourceTree = "<group>"; };
		B20000000000000000000023 /* GhostOSAssertionTests.swift */ = {isa = PBXFileReference; lastKnownFileType = sourcecode.swift; path = GhostOSAssertionTests.swift; sourceTree = "<group>"; };
		B20000000000000000000024 /* GhostLoginView.swift */ = {isa = PBXFileReference; lastKnownFileType = sourcecode.swift; path = GhostLoginView.swift; sourceTree = "<group>"; };
		A20000000000000000000011 /* Info.plist */ = {isa = PBXFileReference; lastKnownFileType = text.plist.xml; path = Info.plist; sourceTree = "<group>"; };
		A20000000000000000000020 /* MacAuthenticator.app */ = {isa = PBXFileReference; explicitFileType = wrapper.application; includeInIndex = 0; path = MacAuthenticator.app; sourceTree = BUILT_PRODUCTS_DIR; };
		A20000000000000000000021 /* MacAuthenticatorTests.xctest */ = {isa = PBXFileReference; explicitFileType = wrapper.cfbundle; includeInIndex = 0; path = MacAuthenticatorTests.xctest; sourceTree = BUILT_PRODUCTS_DIR; };
/* End PBXFileReference section */

/* Begin PBXFrameworksBuildPhase section */
		A60000000000000000000001 /* Frameworks */ = {
			isa = PBXFrameworksBuildPhase;
			buildActionMask = 2147483647;
			files = (
			);
			runOnlyForDeploymentPostprocessing = 0;
		};
		A60000000000000000000002 /* Frameworks */ = {
			isa = PBXFrameworksBuildPhase;
			buildActionMask = 2147483647;
			files = (
			);
			runOnlyForDeploymentPostprocessing = 0;
		};
		B60000000000000000000001 /* Frameworks */ = {
			isa = PBXFrameworksBuildPhase;
			buildActionMask = 2147483647;
			files = (
			);
			runOnlyForDeploymentPostprocessing = 0;
		};
/* End PBXFrameworksBuildPhase section */

/* Begin PBXGroup section */
		A70000000000000000000001 = {
			isa = PBXGroup;
			children = (
				A70000000000000000000002 /* MacAuthenticator */,
				A70000000000000000000003 /* MacAuthenticatorTests */,
				B70000000000000000000005 /* ghostos-login */,
				A70000000000000000000004 /* Products */,
			);
			sourceTree = "<group>";
		};
		A70000000000000000000002 /* MacAuthenticator */ = {
			isa = PBXGroup;
			children = (
				A20000000000000000000001 /* MacAuthenticatorApp.swift */,
				A20000000000000000000011 /* Info.plist */,
				A70000000000000000000005 /* Models */,
				A70000000000000000000006 /* Crypto */,
				A70000000000000000000007 /* Services */,
				A70000000000000000000008 /* ViewModels */,
				A70000000000000000000009 /* Views */,
			);
			path = MacAuthenticator;
			sourceTree = "<group>";
		};
		A70000000000000000000003 /* MacAuthenticatorTests */ = {
			isa = PBXGroup;
			children = (
				A2000000000000000000000D /* Base32Tests.swift */,
				A2000000000000000000000E /* TOTPGeneratorTests.swift */,
				A2000000000000000000000F /* OTPURIParserTests.swift */,
				B20000000000000000000023 /* GhostOSAssertionTests.swift */,
			);
			path = MacAuthenticatorTests;
			sourceTree = "<group>";
		};
		A70000000000000000000004 /* Products */ = {
			isa = PBXGroup;
			children = (
				A20000000000000000000020 /* MacAuthenticator.app */,
				A20000000000000000000021 /* MacAuthenticatorTests.xctest */,
				B20000000000000000000020 /* ghostos-login */,
			);
			name = Products;
			sourceTree = "<group>";
		};
		B70000000000000000000005 /* ghostos-login */ = {
			isa = PBXGroup;
			children = (
				B20000000000000000000021 /* main.swift */,
			);
			path = ghostos-login;
			sourceTree = "<group>";
		};
		A70000000000000000000005 /* Models */ = {
			isa = PBXGroup;
			children = (
				A20000000000000000000002 /* Account.swift */,
				A20000000000000000000003 /* OTPURIParser.swift */,
			);
			path = Models;
			sourceTree = "<group>";
		};
		A70000000000000000000006 /* Crypto */ = {
			isa = PBXGroup;
			children = (
				A20000000000000000000004 /* Base32.swift */,
				A20000000000000000000005 /* TOTPGenerator.swift */,
				B20000000000000000000022 /* GhostOSAssertion.swift */,
			);
			path = Crypto;
			sourceTree = "<group>";
		};
		A70000000000000000000007 /* Services */ = {
			isa = PBXGroup;
			children = (
				A20000000000000000000006 /* KeychainManager.swift */,
				A20000000000000000000007 /* AccountStore.swift */,
			);
			path = Services;
			sourceTree = "<group>";
		};
		A70000000000000000000008 /* ViewModels */ = {
			isa = PBXGroup;
			children = (
				A20000000000000000000008 /* AccountListViewModel.swift */,
			);
			path = ViewModels;
			sourceTree = "<group>";
		};
		A70000000000000000000009 /* Views */ = {
			isa = PBXGroup;
			children = (
				A20000000000000000000009 /* MainListView.swift */,
				A2000000000000000000000A /* AccountRowView.swift */,
				A2000000000000000000000B /* AddAccountSheet.swift */,
				A2000000000000000000000C /* TimerProgressView.swift */,
				B20000000000000000000024 /* GhostLoginView.swift */,
			);
			path = Views;
			sourceTree = "<group>";
		};
/* End PBXGroup section */

/* Begin PBXNativeTarget section */
		A50000000000000000000001 /* MacAuthenticator */ = {
			isa = PBXNativeTarget;
			buildConfigurationList = A80000000000000000000003 /* Build configuration list for PBXNativeTarget "MacAuthenticator" */;
			buildPhases = (
				A90000000000000000000001 /* Sources */,
				A60000000000000000000001 /* Frameworks */,
				AA0000000000000000000001 /* Resources */,
			);
			buildRules = (
			);
			dependencies = (
			);
			name = MacAuthenticator;
			productName = MacAuthenticator;
			productReference = A20000000000000000000020 /* MacAuthenticator.app */;
			productType = "com.apple.product-type.application";
		};
		A50000000000000000000002 /* MacAuthenticatorTests */ = {
			isa = PBXNativeTarget;
			buildConfigurationList = A80000000000000000000004 /* Build configuration list for PBXNativeTarget "MacAuthenticatorTests" */;
			buildPhases = (
				A90000000000000000000002 /* Sources */,
				A60000000000000000000002 /* Frameworks */,
				AA0000000000000000000002 /* Resources */,
			);
			buildRules = (
			);
			dependencies = (
				A30000000000000000000002 /* PBXTargetDependency */,
			);
			name = MacAuthenticatorTests;
			productName = MacAuthenticatorTests;
			productReference = A20000000000000000000021 /* MacAuthenticatorTests.xctest */;
			productType = "com.apple.product-type.bundle.unit-test";
		};
		B50000000000000000000001 /* ghostos-login */ = {
			isa = PBXNativeTarget;
			buildConfigurationList = B80000000000000000000009 /* Build configuration list for PBXNativeTarget "ghostos-login" */;
			buildPhases = (
				B90000000000000000000001 /* Sources */,
				B60000000000000000000001 /* Frameworks */,
				BB0000000000000000000001 /* Resources */,
			);
			buildRules = (
			);
			dependencies = (
			);
			name = "ghostos-login";
			productName = "ghostos-login";
			productReference = B20000000000000000000020 /* ghostos-login */;
			productType = "com.apple.product-type.tool";
		};
/* End PBXNativeTarget section */

/* Begin PBXProject section */
		A40000000000000000000001 /* Project object */ = {
			isa = PBXProject;
			attributes = {
				BuildIndependentTargetsInParallel = 1;
				LastSwiftUpdateCheck = 1600;
				LastUpgradeCheck = 1600;
				TargetAttributes = {
					A50000000000000000000001 = {
						CreatedOnToolsVersion = 16.0;
					};
					A50000000000000000000002 = {
						CreatedOnToolsVersion = 16.0;
						TestTargetID = A50000000000000000000001;
					};
				};
			};
			buildConfigurationList = A80000000000000000000001 /* Build configuration list for PBXProject "MacAuthenticator" */;
			compatibilityVersion = "Xcode 14.0";
			developmentRegion = en;
			hasScannedForEncodings = 0;
			knownRegions = (
				en,
				Base,
			);
			mainGroup = A70000000000000000000001;
			productRefGroup = A70000000000000000000004 /* Products */;
			projectDirPath = "";
			projectRoot = "";
			targets = (
				A50000000000000000000001 /* MacAuthenticator */,
				A50000000000000000000002 /* MacAuthenticatorTests */,
				B50000000000000000000001 /* ghostos-login */,
			);
		};
/* End PBXProject section */

/* Begin PBXResourcesBuildPhase section */
		AA0000000000000000000001 /* Resources */ = {
			isa = PBXResourcesBuildPhase;
			buildActionMask = 2147483647;
			files = (
			);
			runOnlyForDeploymentPostprocessing = 0;
		};
		AA0000000000000000000002 /* Resources */ = {
			isa = PBXResourcesBuildPhase;
			buildActionMask = 2147483647;
			files = (
			);
			runOnlyForDeploymentPostprocessing = 0;
		};
		BB0000000000000000000001 /* Resources */ = {
			isa = PBXResourcesBuildPhase;
			buildActionMask = 2147483647;
			files = (
			);
			runOnlyForDeploymentPostprocessing = 0;
		};
/* End PBXResourcesBuildPhase section */

/* Begin PBXSourcesBuildPhase section */
		A90000000000000000000001 /* Sources */ = {
			isa = PBXSourcesBuildPhase;
			buildActionMask = 2147483647;
			files = (
				A10000000000000000000001 /* MacAuthenticatorApp.swift in Sources */,
				A10000000000000000000002 /* Account.swift in Sources */,
				A10000000000000000000003 /* OTPURIParser.swift in Sources */,
				A10000000000000000000004 /* Base32.swift in Sources */,
				A10000000000000000000005 /* TOTPGenerator.swift in Sources */,
				B10000000000000000000002 /* GhostOSAssertion.swift in Sources */,
				A10000000000000000000006 /* KeychainManager.swift in Sources */,
				A10000000000000000000007 /* AccountStore.swift in Sources */,
				A10000000000000000000008 /* AccountListViewModel.swift in Sources */,
				A10000000000000000000009 /* MainListView.swift in Sources */,
				A1000000000000000000000A /* AccountRowView.swift in Sources */,
				A1000000000000000000000B /* AddAccountSheet.swift in Sources */,
				A1000000000000000000000C /* TimerProgressView.swift in Sources */,
				B10000000000000000000005 /* GhostLoginView.swift in Sources */,
			);
			runOnlyForDeploymentPostprocessing = 0;
		};
		A90000000000000000000002 /* Sources */ = {
			isa = PBXSourcesBuildPhase;
			buildActionMask = 2147483647;
			files = (
				A1000000000000000000000D /* Base32Tests.swift in Sources */,
				A1000000000000000000000E /* TOTPGeneratorTests.swift in Sources */,
				A1000000000000000000000F /* OTPURIParserTests.swift in Sources */,
				B10000000000000000000004 /* GhostOSAssertionTests.swift in Sources */,
			);
			runOnlyForDeploymentPostprocessing = 0;
		};
		B90000000000000000000001 /* Sources */ = {
			isa = PBXSourcesBuildPhase;
			buildActionMask = 2147483647;
			files = (
				B10000000000000000000001 /* main.swift in Sources */,
				B10000000000000000000003 /* GhostOSAssertion.swift in Sources */,
			);
			runOnlyForDeploymentPostprocessing = 0;
		};
/* End PBXSourcesBuildPhase section */

/* Begin PBXTargetDependency section */
		A30000000000000000000002 /* PBXTargetDependency */ = {
			isa = PBXTargetDependency;
			target = A50000000000000000000001 /* MacAuthenticator */;
			targetProxy = A30000000000000000000001 /* PBXContainerItemProxy */;
		};
/* End PBXTargetDependency section */

/* Begin XCBuildConfiguration section */
		A80000000000000000000005 /* Debug */ = {
			isa = XCBuildConfiguration;
			buildSettings = {
				ALWAYS_SEARCH_USER_PATHS = NO;
				CLANG_ENABLE_MODULES = YES;
				CLANG_ENABLE_OBJC_ARC = YES;
				COPY_PHASE_STRIP = NO;
				DEBUG_INFORMATION_FORMAT = dwarf;
				ENABLE_TESTABILITY = YES;
				GCC_DYNAMIC_NO_PIC = NO;
				MACOSX_DEPLOYMENT_TARGET = 13.0;
				ONLY_ACTIVE_ARCH = YES;
				SDKROOT = macosx;
				SWIFT_ACTIVE_COMPILATION_CONDITIONS = DEBUG;
				SWIFT_OPTIMIZATION_LEVEL = "-Onone";
			};
			name = Debug;
		};
		A80000000000000000000006 /* Release */ = {
			isa = XCBuildConfiguration;
			buildSettings = {
				ALWAYS_SEARCH_USER_PATHS = NO;
				CLANG_ENABLE_MODULES = YES;
				CLANG_ENABLE_OBJC_ARC = YES;
				COPY_PHASE_STRIP = NO;
				DEBUG_INFORMATION_FORMAT = "dwarf-with-dsym";
				MACOSX_DEPLOYMENT_TARGET = 13.0;
				SDKROOT = macosx;
				SWIFT_COMPILATION_MODE = wholemodule;
				SWIFT_OPTIMIZATION_LEVEL = "-O";
			};
			name = Release;
		};
		A80000000000000000000007 /* Debug */ = {
			isa = XCBuildConfiguration;
			buildSettings = {
				CODE_SIGN_ENTITLEMENTS = "";
				CODE_SIGN_IDENTITY = "-";
				CODE_SIGN_STYLE = Automatic;
				COMBINE_HIDPI_IMAGES = YES;
				CURRENT_PROJECT_VERSION = 1;
				ENABLE_HARDENED_RUNTIME = YES;
				GENERATE_INFOPLIST_FILE = NO;
				INFOPLIST_FILE = MacAuthenticator/Info.plist;
				LD_RUNPATH_SEARCH_PATHS = (
					"$(inherited)",
					"@executable_path/../Frameworks",
				);
				MARKETING_VERSION = 1.0.0;
				PRODUCT_BUNDLE_IDENTIFIER = com.micky.MacAuthenticator;
				PRODUCT_NAME = "$(TARGET_NAME)";
				SWIFT_EMIT_LOC_STRINGS = YES;
				SWIFT_VERSION = 5.0;
			};
			name = Debug;
		};
		A80000000000000000000008 /* Release */ = {
			isa = XCBuildConfiguration;
			buildSettings = {
				CODE_SIGN_ENTITLEMENTS = "";
				CODE_SIGN_IDENTITY = "-";
				CODE_SIGN_STYLE = Automatic;
				COMBINE_HIDPI_IMAGES = YES;
				CURRENT_PROJECT_VERSION = 1;
				ENABLE_HARDENED_RUNTIME = YES;
				GENERATE_INFOPLIST_FILE = NO;
				INFOPLIST_FILE = MacAuthenticator/Info.plist;
				LD_RUNPATH_SEARCH_PATHS = (
					"$(inherited)",
					"@executable_path/../Frameworks",
				);
				MARKETING_VERSION = 1.0.0;
				PRODUCT_BUNDLE_IDENTIFIER = com.micky.MacAuthenticator;
				PRODUCT_NAME = "$(TARGET_NAME)";
				SWIFT_EMIT_LOC_STRINGS = YES;
				SWIFT_VERSION = 5.0;
			};
			name = Release;
		};
		A80000000000000000000009 /* Debug */ = {
			isa = XCBuildConfiguration;
			buildSettings = {
				BUNDLE_LOADER = "$(TEST_HOST)";
				CODE_SIGN_IDENTITY = "-";
				CODE_SIGN_STYLE = Automatic;
				CURRENT_PROJECT_VERSION = 1;
				GENERATE_INFOPLIST_FILE = YES;
				MACOSX_DEPLOYMENT_TARGET = 13.0;
				MARKETING_VERSION = 1.0;
				PRODUCT_BUNDLE_IDENTIFIER = com.micky.MacAuthenticatorTests;
				PRODUCT_NAME = "$(TARGET_NAME)";
				SWIFT_VERSION = 5.0;
				TEST_HOST = "$(BUILT_PRODUCTS_DIR)/MacAuthenticator.app/Contents/MacOS/MacAuthenticator";
			};
			name = Debug;
		};
		A8000000000000000000000A /* Release */ = {
			isa = XCBuildConfiguration;
			buildSettings = {
				BUNDLE_LOADER = "$(TEST_HOST)";
				CODE_SIGN_IDENTITY = "-";
				CODE_SIGN_STYLE = Automatic;
				CURRENT_PROJECT_VERSION = 1;
				GENERATE_INFOPLIST_FILE = YES;
				MACOSX_DEPLOYMENT_TARGET = 13.0;
				MARKETING_VERSION = 1.0;
				PRODUCT_BUNDLE_IDENTIFIER = com.micky.MacAuthenticatorTests;
				PRODUCT_NAME = "$(TARGET_NAME)";
				SWIFT_VERSION = 5.0;
				TEST_HOST = "$(BUILT_PRODUCTS_DIR)/MacAuthenticator.app/Contents/MacOS/MacAuthenticator";
			};
			name = Release;
		};
		B80000000000000000000007 /* Debug */ = {
			isa = XCBuildConfiguration;
			buildSettings = {
				CODE_SIGN_IDENTITY = "-";
				CODE_SIGN_STYLE = Automatic;
				COMBINE_HIDPI_IMAGES = YES;
				CURRENT_PROJECT_VERSION = 1;
				GCC_PREPROCESSOR_DEFINITIONS = (
					"DEBUG=1",
					"$(inherited)",
				);
				MACOSX_DEPLOYMENT_TARGET = 13.0;
				MARKETING_VERSION = 1.0.0;
				PRODUCT_NAME = "$(TARGET_NAME)";
				SWIFT_ACTIVE_COMPILATION_CONDITIONS = DEBUG;
				SWIFT_EMIT_LOC_STRINGS = YES;
				SWIFT_OPTIMIZATION_LEVEL = "-Onone";
				SWIFT_VERSION = 5.0;
			};
			name = Debug;
		};
		B80000000000000000000008 /* Release */ = {
			isa = XCBuildConfiguration;
			buildSettings = {
				CODE_SIGN_IDENTITY = "-";
				CODE_SIGN_STYLE = Automatic;
				COMBINE_HIDPI_IMAGES = YES;
				CURRENT_PROJECT_VERSION = 1;
				MACOSX_DEPLOYMENT_TARGET = 13.0;
				MARKETING_VERSION = 1.0.0;
				PRODUCT_NAME = "$(TARGET_NAME)";
				SWIFT_EMIT_LOC_STRINGS = YES;
				SWIFT_OPTIMIZATION_LEVEL = "-O";
				SWIFT_VERSION = 5.0;
			};
			name = Release;
		};
/* End XCBuildConfiguration section */

/* Begin XCConfigurationList section */
		A80000000000000000000001 /* Build configuration list for PBXProject "MacAuthenticator" */ = {
			isa = XCConfigurationList;
			buildConfigurations = (
				A80000000000000000000005 /* Debug */,
				A80000000000000000000006 /* Release */,
			);
			defaultConfigurationIsVisible = 0;
			defaultConfigurationName = Release;
		};
		A80000000000000000000003 /* Build configuration list for PBXNativeTarget "MacAuthenticator" */ = {
			isa = XCConfigurationList;
			buildConfigurations = (
				A80000000000000000000007 /* Debug */,
				A80000000000000000000008 /* Release */,
			);
			defaultConfigurationIsVisible = 0;
			defaultConfigurationName = Release;
		};
		A80000000000000000000004 /* Build configuration list for PBXNativeTarget "MacAuthenticatorTests" */ = {
			isa = XCConfigurationList;
			buildConfigurations = (
				A80000000000000000000009 /* Debug */,
				A8000000000000000000000A /* Release */,
			);
			defaultConfigurationIsVisible = 0;
			defaultConfigurationName = Release;
		};
		B80000000000000000000009 /* Build configuration list for PBXNativeTarget "ghostos-login" */ = {
			isa = XCConfigurationList;
			buildConfigurations = (
				B80000000000000000000007 /* Debug */,
				B80000000000000000000008 /* Release */,
			);
			defaultConfigurationIsVisible = 0;
			defaultConfigurationName = Release;
		};
/* End XCConfigurationList section */
	};
	rootObject = A40000000000000000000001 /* Project object */;
}
